
Microsoft Visual Studio Solution File, Format Version 12.00
# Visual Studio Version 17
VisualStudioVersion = 17.9.34902.65
MinimumVisualStudioVersion = 10.0.40219.1
Project("{2150E333-8FDC-42A3-9474-1A3956D46DE8}") = "_stuff", "_stuff", "{8E54CCB6-F18E-4C4D-A74A-5509C385E111}"
	ProjectSection(SolutionItems) = preProject
		..\README.md = ..\README.md
		..\Scaffold.sql = ..\Scaffold.sql
	EndProjectSection
EndProject
Project("{778DAE3C-4631-46EA-AA77-85C1314464D9}") = "BFRPG.Presentation", "BFRPG.Presentation\BFRPG.Presentation.vbproj", "{2DDC4066-FF7B-4D4B-98AE-E42C0EA2E81E}"
EndProject
Project("{778DAE3C-4631-46EA-AA77-85C1314464D9}") = "BFRPG.Presentation.Spectre", "BFRPG.Presentation.Spectre\BFRPG.Presentation.Spectre.vbproj", "{9A1262F6-50BC-41F5-A643-187761D3CDA2}"
EndProject
Project("{778DAE3C-4631-46EA-AA77-85C1314464D9}") = "BFRPG.Persistence", "BFRPG.Persistence\BFRPG.Persistence.vbproj", "{A90537DB-0229-4B10-A7A9-7A9B1E94B770}"
EndProject
Project("{F184B08F-C81C-45F6-A57F-5ABD9991F28F}") = "BFRPG.Persistence.MySql", "BFRPG.Persistence.MySql\BFRPG.Persistence.MySql.vbproj", "{186AC963-22E7-4C5B-BE1E-4F0D20DFF724}"
EndProject
Project("{F184B08F-C81C-45F6-A57F-5ABD9991F28F}") = "BFRPG.Business", "BFRPG.Business\BFRPG.Business.vbproj", "{5F340032-7BEC-46A2-85CC-6A08D36B3163}"
EndProject
Project("{F184B08F-C81C-45F6-A57F-5ABD9991F28F}") = "BFRPG.Tools", "BFRPG.Tools\BFRPG.Tools.vbproj", "{9A96AAE4-1D35-4116-89B7-819B76117677}"
EndProject
Global
	GlobalSection(SolutionConfigurationPlatforms) = preSolution
		Debug|Any CPU = Debug|Any CPU
		Release|Any CPU = Release|Any CPU
	EndGlobalSection
	GlobalSection(ProjectConfigurationPlatforms) = postSolution
		{2DDC4066-FF7B-4D4B-98AE-E42C0EA2E81E}.Debug|Any CPU.ActiveCfg = Debug|Any CPU
		{2DDC4066-FF7B-4D4B-98AE-E42C0EA2E81E}.Debug|Any CPU.Build.0 = Debug|Any CPU
		{2DDC4066-FF7B-4D4B-98AE-E42C0EA2E81E}.Release|Any CPU.ActiveCfg = Release|Any CPU
		{2DDC4066-FF7B-4D4B-98AE-E42C0EA2E81E}.Release|Any CPU.Build.0 = Release|Any CPU
		{9A1262F6-50BC-41F5-A643-187761D3CDA2}.Debug|Any CPU.ActiveCfg = Debug|Any CPU
		{9A1262F6-50BC-41F5-A643-187761D3CDA2}.Debug|Any CPU.Build.0 = Debug|Any CPU
		{9A1262F6-50BC-41F5-A643-187761D3CDA2}.Release|Any CPU.ActiveCfg = Release|Any CPU
		{9A1262F6-50BC-41F5-A643-187761D3CDA2}.Release|Any CPU.Build.0 = Release|Any CPU
		{A90537DB-0229-4B10-A7A9-7A9B1E94B770}.Debug|Any CPU.ActiveCfg = Debug|Any CPU
		{A90537DB-0229-4B10-A7A9-7A9B1E94B770}.Debug|Any CPU.Build.0 = Debug|Any CPU
		{A90537DB-0229-4B10-A7A9-7A9B1E94B770}.Release|Any CPU.ActiveCfg = Release|Any CPU
		{A90537DB-0229-4B10-A7A9-7A9B1E94B770}.Release|Any CPU.Build.0 = Release|Any CPU
		{186AC963-22E7-4C5B-BE1E-4F0D20DFF724}.Debug|Any CPU.ActiveCfg = Debug|Any CPU
		{186AC963-22E7-4C5B-BE1E-4F0D20DFF724}.Debug|Any CPU.Build.0 = Debug|Any CPU
		{186AC963-22E7-4C5B-BE1E-4F0D20DFF724}.Release|Any CPU.ActiveCfg = Release|Any CPU
		{186AC963-22E7-4C5B-BE1E-4F0D20DFF724}.Release|Any CPU.Build.0 = Release|Any CPU
		{5F340032-7BEC-46A2-85CC-6A08D36B3163}.Debug|Any CPU.ActiveCfg = Debug|Any CPU
		{5F340032-7BEC-46A2-85CC-6A08D36B3163}.Debug|Any CPU.Build.0 = Debug|Any CPU
		{5F340032-7BEC-46A2-85CC-6A08D36B3163}.Release|Any CPU.ActiveCfg = Release|Any CPU
		{5F340032-7BEC-46A2-85CC-6A08D36B3163}.Release|Any CPU.Build.0 = Release|Any CPU
		{9A96AAE4-1D35-4116-89B7-819B76117677}.Debug|Any CPU.ActiveCfg = Debug|Any CPU
		{9A96AAE4-1D35-4116-89B7-819B76117677}.Debug|Any CPU.Build.0 = Debug|Any CPU
		{9A96AAE4-1D35-4116-89B7-819B76117677}.Release|Any CPU.ActiveCfg = Release|Any CPU
		{9A96AAE4-1D35-4116-89B7-819B76117677}.Release|Any CPU.Build.0 = Release|Any CPU
	EndGlobalSection
	GlobalSection(SolutionProperties) = preSolution
		HideSolutionNode = FALSE
	EndGlobalSection
	GlobalSection(ExtensibilityGlobals) = postSolution
		SolutionGuid = {9C13385E-1560-4E94-B8B2-ABFA144F1474}
	EndGlobalSection
EndGlobal
