
Microsoft Visual Studio Solution File, Format Version 12.00
# Visual Studio Version 17
VisualStudioVersion = 17.9.34607.119
MinimumVisualStudioVersion = 10.0.40219.1
Project("{778DAE3C-4631-46EA-AA77-85C1314464D9}") = "SPLORR.Game", "SPLORR.Game\SPLORR.Game.vbproj", "{FE9B5863-C439-41F8-817C-1B203BBAD7E1}"
EndProject
Project("{778DAE3C-4631-46EA-AA77-85C1314464D9}") = "SPLORR.UI", "SPLORR.UI\SPLORR.UI.vbproj", "{E1D4408D-BEFC-4AF4-AD7A-714E2DF8347A}"
EndProject
Project("{778DAE3C-4631-46EA-AA77-85C1314464D9}") = "SPLORR.UI.Tests", "SPLORR.UI.Tests\SPLORR.UI.Tests.vbproj", "{6F49278F-F062-4746-AC39-894C9E747444}"
EndProject
Project("{2150E333-8FDC-42A3-9474-1A3956D46DE8}") = "_STUFF", "_STUFF", "{2554FF17-2727-441A-953A-985B75F8F369}"
	ProjectSection(SolutionItems) = preProject
		..\README.md = ..\README.md
	EndProjectSection
EndProject
Project("{778DAE3C-4631-46EA-AA77-85C1314464D9}") = "SPLORR.Presentation", "SPLORR.Presentation\SPLORR.Presentation.vbproj", "{CD28586A-0887-4DD8-B91D-B5D72C82CB96}"
EndProject
Project("{778DAE3C-4631-46EA-AA77-85C1314464D9}") = "SPLORR.HelloWorld", "SPLORR.HelloWorld\SPLORR.HelloWorld.vbproj", "{4D75E204-3343-4BE5-90D1-16283893E06A}"
EndProject
Project("{778DAE3C-4631-46EA-AA77-85C1314464D9}") = "SPLORR.HelloWorld.UI", "SPLORR.HelloWorld.UI\SPLORR.HelloWorld.UI.vbproj", "{1F76CB22-943C-423E-986F-D10448E559BF}"
EndProject
Project("{778DAE3C-4631-46EA-AA77-85C1314464D9}") = "SPLORR.HelloWorld.Model", "SPLORR.HelloWorld.Model\SPLORR.HelloWorld.Model.vbproj", "{170D3F78-D8ED-49D3-AB89-0ED50E1566BD}"
EndProject
Project("{2150E333-8FDC-42A3-9474-1A3956D46DE8}") = "HelloWorld", "HelloWorld", "{BAD6E2A3-5CEA-429C-B6CB-0DEC0679C464}"
EndProject
Project("{F184B08F-C81C-45F6-A57F-5ABD9991F28F}") = "SPLORR.HelloWorld.Assets", "SPLORR.HelloWorld.Assets\SPLORR.HelloWorld.Assets.vbproj", "{D5148F48-A019-4A7D-BC9B-BBA9A949CEA9}"
EndProject
Global
	GlobalSection(SolutionConfigurationPlatforms) = preSolution
		Debug|Any CPU = Debug|Any CPU
		Release|Any CPU = Release|Any CPU
	EndGlobalSection
	GlobalSection(ProjectConfigurationPlatforms) = postSolution
		{FE9B5863-C439-41F8-817C-1B203BBAD7E1}.Debug|Any CPU.ActiveCfg = Debug|Any CPU
		{FE9B5863-C439-41F8-817C-1B203BBAD7E1}.Debug|Any CPU.Build.0 = Debug|Any CPU
		{FE9B5863-C439-41F8-817C-1B203BBAD7E1}.Release|Any CPU.ActiveCfg = Release|Any CPU
		{FE9B5863-C439-41F8-817C-1B203BBAD7E1}.Release|Any CPU.Build.0 = Release|Any CPU
		{E1D4408D-BEFC-4AF4-AD7A-714E2DF8347A}.Debug|Any CPU.ActiveCfg = Debug|Any CPU
		{E1D4408D-BEFC-4AF4-AD7A-714E2DF8347A}.Debug|Any CPU.Build.0 = Debug|Any CPU
		{E1D4408D-BEFC-4AF4-AD7A-714E2DF8347A}.Release|Any CPU.ActiveCfg = Release|Any CPU
		{E1D4408D-BEFC-4AF4-AD7A-714E2DF8347A}.Release|Any CPU.Build.0 = Release|Any CPU
		{6F49278F-F062-4746-AC39-894C9E747444}.Debug|Any CPU.ActiveCfg = Debug|Any CPU
		{6F49278F-F062-4746-AC39-894C9E747444}.Debug|Any CPU.Build.0 = Debug|Any CPU
		{6F49278F-F062-4746-AC39-894C9E747444}.Release|Any CPU.ActiveCfg = Release|Any CPU
		{6F49278F-F062-4746-AC39-894C9E747444}.Release|Any CPU.Build.0 = Release|Any CPU
		{CD28586A-0887-4DD8-B91D-B5D72C82CB96}.Debug|Any CPU.ActiveCfg = Debug|Any CPU
		{CD28586A-0887-4DD8-B91D-B5D72C82CB96}.Debug|Any CPU.Build.0 = Debug|Any CPU
		{CD28586A-0887-4DD8-B91D-B5D72C82CB96}.Release|Any CPU.ActiveCfg = Release|Any CPU
		{CD28586A-0887-4DD8-B91D-B5D72C82CB96}.Release|Any CPU.Build.0 = Release|Any CPU
		{4D75E204-3343-4BE5-90D1-16283893E06A}.Debug|Any CPU.ActiveCfg = Debug|Any CPU
		{4D75E204-3343-4BE5-90D1-16283893E06A}.Debug|Any CPU.Build.0 = Debug|Any CPU
		{4D75E204-3343-4BE5-90D1-16283893E06A}.Release|Any CPU.ActiveCfg = Release|Any CPU
		{4D75E204-3343-4BE5-90D1-16283893E06A}.Release|Any CPU.Build.0 = Release|Any CPU
		{1F76CB22-943C-423E-986F-D10448E559BF}.Debug|Any CPU.ActiveCfg = Debug|Any CPU
		{1F76CB22-943C-423E-986F-D10448E559BF}.Debug|Any CPU.Build.0 = Debug|Any CPU
		{1F76CB22-943C-423E-986F-D10448E559BF}.Release|Any CPU.ActiveCfg = Release|Any CPU
		{1F76CB22-943C-423E-986F-D10448E559BF}.Release|Any CPU.Build.0 = Release|Any CPU
		{170D3F78-D8ED-49D3-AB89-0ED50E1566BD}.Debug|Any CPU.ActiveCfg = Debug|Any CPU
		{170D3F78-D8ED-49D3-AB89-0ED50E1566BD}.Debug|Any CPU.Build.0 = Debug|Any CPU
		{170D3F78-D8ED-49D3-AB89-0ED50E1566BD}.Release|Any CPU.ActiveCfg = Release|Any CPU
		{170D3F78-D8ED-49D3-AB89-0ED50E1566BD}.Release|Any CPU.Build.0 = Release|Any CPU
		{D5148F48-A019-4A7D-BC9B-BBA9A949CEA9}.Debug|Any CPU.ActiveCfg = Debug|Any CPU
		{D5148F48-A019-4A7D-BC9B-BBA9A949CEA9}.Debug|Any CPU.Build.0 = Debug|Any CPU
		{D5148F48-A019-4A7D-BC9B-BBA9A949CEA9}.Release|Any CPU.ActiveCfg = Release|Any CPU
		{D5148F48-A019-4A7D-BC9B-BBA9A949CEA9}.Release|Any CPU.Build.0 = Release|Any CPU
	EndGlobalSection
	GlobalSection(SolutionProperties) = preSolution
		HideSolutionNode = FALSE
	EndGlobalSection
	GlobalSection(NestedProjects) = preSolution
		{4D75E204-3343-4BE5-90D1-16283893E06A} = {BAD6E2A3-5CEA-429C-B6CB-0DEC0679C464}
		{1F76CB22-943C-423E-986F-D10448E559BF} = {BAD6E2A3-5CEA-429C-B6CB-0DEC0679C464}
		{170D3F78-D8ED-49D3-AB89-0ED50E1566BD} = {BAD6E2A3-5CEA-429C-B6CB-0DEC0679C464}
		{D5148F48-A019-4A7D-BC9B-BBA9A949CEA9} = {BAD6E2A3-5CEA-429C-B6CB-0DEC0679C464}
	EndGlobalSection
	GlobalSection(ExtensibilityGlobals) = postSolution
		SolutionGuid = {92D45949-B298-4BA2-8FC1-9DFD85E4DABD}
	EndGlobalSection
EndGlobal
